
Microsoft Visual Studio Solution File, Format Version 12.00
# Visual Studio Version 16
VisualStudioVersion = 16.0.30128.74
MinimumVisualStudioVersion = 10.0.40219.1
Project("{FAE04EC0-301F-11D3-BF4B-00C04F79EFBC}") = "FactoryPattern", "FactoryPattern\FactoryPattern.csproj", "{332F5CD5-FDB2-46B9-A6C7-40E87BAAA74F}"
EndProject
Global
	GlobalSection(SolutionConfigurationPlatforms) = preSolution
		Debug|Any CPU = Debug|Any CPU
		Release|Any CPU = Release|Any CPU
	EndGlobalSection
	GlobalSection(ProjectConfigurationPlatforms) = postSolution
		{332F5CD5-FDB2-46B9-A6C7-40E87BAAA74F}.Debug|Any CPU.ActiveCfg = Debug|Any CPU
		{332F5CD5-FDB2-46B9-A6C7-40E87BAAA74F}.Debug|Any CPU.Build.0 = Debug|Any CPU
		{332F5CD5-FDB2-46B9-A6C7-40E87BAAA74F}.Release|Any CPU.ActiveCfg = Release|Any CPU
		{332F5CD5-FDB2-46B9-A6C7-40E87BAAA74F}.Release|Any CPU.Build.0 = Release|Any CPU
	EndGlobalSection
	GlobalSection(SolutionProperties) = preSolution
		HideSolutionNode = FALSE
	EndGlobalSection
	GlobalSection(ExtensibilityGlobals) = postSolution
		SolutionGuid = {CBAF0CCF-2CEA-47F7-89E9-9A49955B06C1}
	EndGlobalSection
EndGlobal
